
Microsoft Visual Studio Solution File, Format Version 12.00
# Visual Studio Version 17
VisualStudioVersion = 17.14.36408.4 d17.14
MinimumVisualStudioVersion = 10.0.40219.1
Project("{FAE04EC0-301F-11D3-BF4B-00C04F79EFBC}") = "LeThiThanhThuy_231230921_de01", "LeThiThanhThuy_231230921_de01\LeThiThanhThuy_231230921_de01.csproj", "{585CF7A0-E09E-4E68-A4B9-D66459472243}"
EndProject
Global
	GlobalSection(SolutionConfigurationPlatforms) = preSolution
		Debug|Any CPU = Debug|Any CPU
		Release|Any CPU = Release|Any CPU
	EndGlobalSection
	GlobalSection(ProjectConfigurationPlatforms) = postSolution
		{585CF7A0-E09E-4E68-A4B9-D66459472243}.Debug|Any CPU.ActiveCfg = Debug|Any CPU
		{585CF7A0-E09E-4E68-A4B9-D66459472243}.Debug|Any CPU.Build.0 = Debug|Any CPU
		{585CF7A0-E09E-4E68-A4B9-D66459472243}.Release|Any CPU.ActiveCfg = Release|Any CPU
		{585CF7A0-E09E-4E68-A4B9-D66459472243}.Release|Any CPU.Build.0 = Release|Any CPU
	EndGlobalSection
	GlobalSection(SolutionProperties) = preSolution
		HideSolutionNode = FALSE
	EndGlobalSection
	GlobalSection(ExtensibilityGlobals) = postSolution
		SolutionGuid = {84EA2D4B-06F2-4AA3-ACC3-861AC3909C14}
	EndGlobalSection
EndGlobal
